
Microsoft Visual Studio Solution File, Format Version 12.00
# Visual Studio 15
VisualStudioVersion = 15.0.26430.16
MinimumVisualStudioVersion = 10.0.40219.1
Project("{FAE04EC0-301F-11D3-BF4B-00C04F79EFBC}") = "SpectoLogic.Azure.Graph", "SpectoLogic.Azure.Graph\SpectoLogic.Azure.Graph.csproj", "{232B8E66-F52C-4922-BFD2-4439E06B7A78}"
EndProject
Project("{FAE04EC0-301F-11D3-BF4B-00C04F79EFBC}") = "Demo", "Demo\Demo.csproj", "{C885B9A7-809E-4620-90DB-C3DA11618006}"
EndProject
Project("{FAE04EC0-301F-11D3-BF4B-00C04F79EFBC}") = "SpectoLogic.Azure.CosmosDB", "SpectoLogic.Azure.CosmosDB\SpectoLogic.Azure.CosmosDB.csproj", "{0AE3C63D-B3E1-4F3F-ADB0-07DD5E88EEF4}"
EndProject
Project("{2150E333-8FDC-42A3-9474-1A3956D46DE8}") = "Documents", "Documents", "{C6C568F1-D460-425A-A9D7-3C353CB1B664}"
	ProjectSection(SolutionItems) = preProject
		..\LICENSE = ..\LICENSE
		..\README.md = ..\README.md
	EndProjectSection
EndProject
Global
	GlobalSection(SolutionConfigurationPlatforms) = preSolution
		Debug|Any CPU = Debug|Any CPU
		Release|Any CPU = Release|Any CPU
	EndGlobalSection
	GlobalSection(ProjectConfigurationPlatforms) = postSolution
		{232B8E66-F52C-4922-BFD2-4439E06B7A78}.Debug|Any CPU.ActiveCfg = Debug|Any CPU
		{232B8E66-F52C-4922-BFD2-4439E06B7A78}.Debug|Any CPU.Build.0 = Debug|Any CPU
		{232B8E66-F52C-4922-BFD2-4439E06B7A78}.Release|Any CPU.ActiveCfg = Release|Any CPU
		{232B8E66-F52C-4922-BFD2-4439E06B7A78}.Release|Any CPU.Build.0 = Release|Any CPU
		{C885B9A7-809E-4620-90DB-C3DA11618006}.Debug|Any CPU.ActiveCfg = Debug|Any CPU
		{C885B9A7-809E-4620-90DB-C3DA11618006}.Debug|Any CPU.Build.0 = Debug|Any CPU
		{C885B9A7-809E-4620-90DB-C3DA11618006}.Release|Any CPU.ActiveCfg = Release|Any CPU
		{C885B9A7-809E-4620-90DB-C3DA11618006}.Release|Any CPU.Build.0 = Release|Any CPU
		{0AE3C63D-B3E1-4F3F-ADB0-07DD5E88EEF4}.Debug|Any CPU.ActiveCfg = Debug|Any CPU
		{0AE3C63D-B3E1-4F3F-ADB0-07DD5E88EEF4}.Debug|Any CPU.Build.0 = Debug|Any CPU
		{0AE3C63D-B3E1-4F3F-ADB0-07DD5E88EEF4}.Release|Any CPU.ActiveCfg = Release|Any CPU
		{0AE3C63D-B3E1-4F3F-ADB0-07DD5E88EEF4}.Release|Any CPU.Build.0 = Release|Any CPU
	EndGlobalSection
	GlobalSection(SolutionProperties) = preSolution
		HideSolutionNode = FALSE
	EndGlobalSection
EndGlobal
